
Microsoft Visual Studio Solution File, Format Version 12.00
# Visual Studio 15
VisualStudioVersion = 15.0.26124.0
MinimumVisualStudioVersion = 15.0.26124.0
Project("{FAE04EC0-301F-11D3-BF4B-00C04F79EFBC}") = "TellDontAskKata", "TellDontAskKata\TellDontAskKata.csproj", "{8EA1A0C0-50C7-4EDC-AF9C-64CF331F3BE9}"
EndProject
Project("{2150E333-8FDC-42A3-9474-1A3956D46DE8}") = ".tests", ".tests", "{678D963C-638A-4222-B8E3-82C60247AFC1}"
EndProject
Project("{FAE04EC0-301F-11D3-BF4B-00C04F79EFBC}") = "TellDontAsk.Tests", "TellDontAsk.Tests\TellDontAsk.Tests.csproj", "{A3F01FC6-5183-4B4F-8E62-5AE79922ABED}"
EndProject
Global
	GlobalSection(SolutionConfigurationPlatforms) = preSolution
		Debug|Any CPU = Debug|Any CPU
		Debug|x64 = Debug|x64
		Debug|x86 = Debug|x86
		Release|Any CPU = Release|Any CPU
		Release|x64 = Release|x64
		Release|x86 = Release|x86
	EndGlobalSection
	GlobalSection(SolutionProperties) = preSolution
		HideSolutionNode = FALSE
	EndGlobalSection
	GlobalSection(ProjectConfigurationPlatforms) = postSolution
		{8EA1A0C0-50C7-4EDC-AF9C-64CF331F3BE9}.Debug|Any CPU.ActiveCfg = Debug|Any CPU
		{8EA1A0C0-50C7-4EDC-AF9C-64CF331F3BE9}.Debug|Any CPU.Build.0 = Debug|Any CPU
		{8EA1A0C0-50C7-4EDC-AF9C-64CF331F3BE9}.Debug|x64.ActiveCfg = Debug|Any CPU
		{8EA1A0C0-50C7-4EDC-AF9C-64CF331F3BE9}.Debug|x64.Build.0 = Debug|Any CPU
		{8EA1A0C0-50C7-4EDC-AF9C-64CF331F3BE9}.Debug|x86.ActiveCfg = Debug|Any CPU
		{8EA1A0C0-50C7-4EDC-AF9C-64CF331F3BE9}.Debug|x86.Build.0 = Debug|Any CPU
		{8EA1A0C0-50C7-4EDC-AF9C-64CF331F3BE9}.Release|Any CPU.ActiveCfg = Release|Any CPU
		{8EA1A0C0-50C7-4EDC-AF9C-64CF331F3BE9}.Release|Any CPU.Build.0 = Release|Any CPU
		{8EA1A0C0-50C7-4EDC-AF9C-64CF331F3BE9}.Release|x64.ActiveCfg = Release|Any CPU
		{8EA1A0C0-50C7-4EDC-AF9C-64CF331F3BE9}.Release|x64.Build.0 = Release|Any CPU
		{8EA1A0C0-50C7-4EDC-AF9C-64CF331F3BE9}.Release|x86.ActiveCfg = Release|Any CPU
		{8EA1A0C0-50C7-4EDC-AF9C-64CF331F3BE9}.Release|x86.Build.0 = Release|Any CPU
		{A3F01FC6-5183-4B4F-8E62-5AE79922ABED}.Debug|Any CPU.ActiveCfg = Debug|Any CPU
		{A3F01FC6-5183-4B4F-8E62-5AE79922ABED}.Debug|Any CPU.Build.0 = Debug|Any CPU
		{A3F01FC6-5183-4B4F-8E62-5AE79922ABED}.Debug|x64.ActiveCfg = Debug|Any CPU
		{A3F01FC6-5183-4B4F-8E62-5AE79922ABED}.Debug|x64.Build.0 = Debug|Any CPU
		{A3F01FC6-5183-4B4F-8E62-5AE79922ABED}.Debug|x86.ActiveCfg = Debug|Any CPU
		{A3F01FC6-5183-4B4F-8E62-5AE79922ABED}.Debug|x86.Build.0 = Debug|Any CPU
		{A3F01FC6-5183-4B4F-8E62-5AE79922ABED}.Release|Any CPU.ActiveCfg = Release|Any CPU
		{A3F01FC6-5183-4B4F-8E62-5AE79922ABED}.Release|Any CPU.Build.0 = Release|Any CPU
		{A3F01FC6-5183-4B4F-8E62-5AE79922ABED}.Release|x64.ActiveCfg = Release|Any CPU
		{A3F01FC6-5183-4B4F-8E62-5AE79922ABED}.Release|x64.Build.0 = Release|Any CPU
		{A3F01FC6-5183-4B4F-8E62-5AE79922ABED}.Release|x86.ActiveCfg = Release|Any CPU
		{A3F01FC6-5183-4B4F-8E62-5AE79922ABED}.Release|x86.Build.0 = Release|Any CPU
	EndGlobalSection
	GlobalSection(NestedProjects) = preSolution
		{A3F01FC6-5183-4B4F-8E62-5AE79922ABED} = {678D963C-638A-4222-B8E3-82C60247AFC1}
	EndGlobalSection
EndGlobal
